
Microsoft Visual Studio Solution File, Format Version 12.00
# Visual Studio Version 17
VisualStudioVersion = 17.0.31903.59
MinimumVisualStudioVersion = 10.0.40219.1
Project("{FAE04EC0-301F-11D3-BF4B-00C04F79EFBC}") = "API", "API\API.csproj", "{4EBFA1C5-DC59-45D8-9140-EBD16CA4D7D1}"
EndProject
Project("{FAE04EC0-301F-11D3-BF4B-00C04F79EFBC}") = "Core", "Core\Core.csproj", "{BB5F1306-F55F-4DEA-8378-80F0B74E9935}"
EndProject
Project("{FAE04EC0-301F-11D3-BF4B-00C04F79EFBC}") = "Infrastructure", "Infrastructure\Infrastructure.csproj", "{EA0643ED-8C9F-4E57-B426-57DDC2BCCED3}"
EndProject
Global
	GlobalSection(SolutionConfigurationPlatforms) = preSolution
		Debug|Any CPU = Debug|Any CPU
		Release|Any CPU = Release|Any CPU
	EndGlobalSection
	GlobalSection(SolutionProperties) = preSolution
		HideSolutionNode = FALSE
	EndGlobalSection
	GlobalSection(ProjectConfigurationPlatforms) = postSolution
		{4EBFA1C5-DC59-45D8-9140-EBD16CA4D7D1}.Debug|Any CPU.ActiveCfg = Debug|Any CPU
		{4EBFA1C5-DC59-45D8-9140-EBD16CA4D7D1}.Debug|Any CPU.Build.0 = Debug|Any CPU
		{4EBFA1C5-DC59-45D8-9140-EBD16CA4D7D1}.Release|Any CPU.ActiveCfg = Release|Any CPU
		{4EBFA1C5-DC59-45D8-9140-EBD16CA4D7D1}.Release|Any CPU.Build.0 = Release|Any CPU
		{BB5F1306-F55F-4DEA-8378-80F0B74E9935}.Debug|Any CPU.ActiveCfg = Debug|Any CPU
		{BB5F1306-F55F-4DEA-8378-80F0B74E9935}.Debug|Any CPU.Build.0 = Debug|Any CPU
		{BB5F1306-F55F-4DEA-8378-80F0B74E9935}.Release|Any CPU.ActiveCfg = Release|Any CPU
		{BB5F1306-F55F-4DEA-8378-80F0B74E9935}.Release|Any CPU.Build.0 = Release|Any CPU
		{EA0643ED-8C9F-4E57-B426-57DDC2BCCED3}.Debug|Any CPU.ActiveCfg = Debug|Any CPU
		{EA0643ED-8C9F-4E57-B426-57DDC2BCCED3}.Debug|Any CPU.Build.0 = Debug|Any CPU
		{EA0643ED-8C9F-4E57-B426-57DDC2BCCED3}.Release|Any CPU.ActiveCfg = Release|Any CPU
		{EA0643ED-8C9F-4E57-B426-57DDC2BCCED3}.Release|Any CPU.Build.0 = Release|Any CPU
	EndGlobalSection
EndGlobal
